github.com/gorilla/mux v1.8.0 h1:i40aqfkR1h2SlN9hojwV5ZA91wcXFOvkdNIeFDP5koI=
github.com/gorilla/mux v1.8.0/go.mod h1:DVbg23sWSpFRCP0SfiEN6jmj59UnW/n46BH5rLB71So=
github.com/tcerqueira/tiktak/cron-backend/internal v0.0.0-20221011171805-8bf2709daed8 h1:SK10TsiWvwkoJkGzwiYNUnu+aUsK8drOQWGKl6qttm0=
github.com/tcerqueira/tiktak/cron-backend/internal v0.0.0-20221011171805-8bf2709daed8/go.mod h1:D4PIQpqEsPIvWDJnBV/u3h8KBIFt6zKDlsLUEawtX2k=
